
Microsoft Visual Studio Solution File, Format Version 12.00
# Visual Studio Version 16
VisualStudioVersion = 16.0.30804.86
MinimumVisualStudioVersion = 10.0.40219.1
Project("{9A19103F-16F7-4668-BE54-9A1E7A4F7556}") = "DevIO.Business", "src\DevIO.Business\DevIO.Business.csproj", "{AF3A4E5F-1150-4B59-869B-D12D2F63F4E3}"
EndProject
Project("{9A19103F-16F7-4668-BE54-9A1E7A4F7556}") = "DevIO.Data", "src\DevIO.Data\DevIO.Data.csproj", "{7F5A2849-D9EE-4E0B-891C-B48136E1D60A}"
EndProject
Project("{FAE04EC0-301F-11D3-BF4B-00C04F79EFBC}") = "DevIo.Api", "src\DevIo.Api\DevIo.Api.csproj", "{5AE4F15A-BA0E-4319-96A9-A570BCE9B119}"
EndProject
Project("{2150E333-8FDC-42A3-9474-1A3956D46DE8}") = "Leia-me", "Leia-me", "{074762BA-0A94-4EB6-B08E-89FE86302D6C}"
	ProjectSection(SolutionItems) = preProject
		1.0 Setup.txt = 1.0 Setup.txt
		2.0 DTO.txt = 2.0 DTO.txt
		3.0 Controllers.txt = 3.0 Controllers.txt
		4.0 AutoMapper.txt = 4.0 AutoMapper.txt
		5.0 Depedencias.txt = 5.0 Depedencias.txt
		6.0 EfCore.txt = 6.0 EfCore.txt
		7.0 Create DB.txt = 7.0 Create DB.txt
	EndProjectSection
EndProject
Global
	GlobalSection(SolutionConfigurationPlatforms) = preSolution
		Debug|Any CPU = Debug|Any CPU
		Release|Any CPU = Release|Any CPU
	EndGlobalSection
	GlobalSection(ProjectConfigurationPlatforms) = postSolution
		{AF3A4E5F-1150-4B59-869B-D12D2F63F4E3}.Debug|Any CPU.ActiveCfg = Debug|Any CPU
		{AF3A4E5F-1150-4B59-869B-D12D2F63F4E3}.Debug|Any CPU.Build.0 = Debug|Any CPU
		{AF3A4E5F-1150-4B59-869B-D12D2F63F4E3}.Release|Any CPU.ActiveCfg = Release|Any CPU
		{AF3A4E5F-1150-4B59-869B-D12D2F63F4E3}.Release|Any CPU.Build.0 = Release|Any CPU
		{7F5A2849-D9EE-4E0B-891C-B48136E1D60A}.Debug|Any CPU.ActiveCfg = Debug|Any CPU
		{7F5A2849-D9EE-4E0B-891C-B48136E1D60A}.Debug|Any CPU.Build.0 = Debug|Any CPU
		{7F5A2849-D9EE-4E0B-891C-B48136E1D60A}.Release|Any CPU.ActiveCfg = Release|Any CPU
		{7F5A2849-D9EE-4E0B-891C-B48136E1D60A}.Release|Any CPU.Build.0 = Release|Any CPU
		{5AE4F15A-BA0E-4319-96A9-A570BCE9B119}.Debug|Any CPU.ActiveCfg = Debug|Any CPU
		{5AE4F15A-BA0E-4319-96A9-A570BCE9B119}.Debug|Any CPU.Build.0 = Debug|Any CPU
		{5AE4F15A-BA0E-4319-96A9-A570BCE9B119}.Release|Any CPU.ActiveCfg = Release|Any CPU
		{5AE4F15A-BA0E-4319-96A9-A570BCE9B119}.Release|Any CPU.Build.0 = Release|Any CPU
	EndGlobalSection
	GlobalSection(SolutionProperties) = preSolution
		HideSolutionNode = FALSE
	EndGlobalSection
	GlobalSection(ExtensibilityGlobals) = postSolution
		SolutionGuid = {5977E66F-10F7-436C-9BCB-0F1CCE802E56}
	EndGlobalSection
EndGlobal
